
Microsoft Visual Studio Solution File, Format Version 12.00
# Visual Studio Version 16
VisualStudioVersion = 16.0.29123.88
MinimumVisualStudioVersion = 10.0.40219.1
Project("{8BC9CEB8-8B4A-11D0-8D11-00A0C91BC942}") = "Old", "HighGUI\HighGUI.vcxproj", "{7C253F62-85B6-4AE2-9A4B-35DB1AE69A1E}"
EndProject
Project("{8BC9CEB8-8B4A-11D0-8D11-00A0C91BC942}") = "Mask", "Mask\Mask.vcxproj", "{A9580D37-E291-4B0A-9511-8F4C1B6755EE}"
EndProject
Global
	GlobalSection(SolutionConfigurationPlatforms) = preSolution
		Debug|x64 = Debug|x64
		Debug|x86 = Debug|x86
		Release|x64 = Release|x64
		Release|x86 = Release|x86
	EndGlobalSection
	GlobalSection(ProjectConfigurationPlatforms) = postSolution
		{7C253F62-85B6-4AE2-9A4B-35DB1AE69A1E}.Debug|x64.ActiveCfg = Debug|x64
		{7C253F62-85B6-4AE2-9A4B-35DB1AE69A1E}.Debug|x64.Build.0 = Debug|x64
		{7C253F62-85B6-4AE2-9A4B-35DB1AE69A1E}.Debug|x86.ActiveCfg = Debug|Win32
		{7C253F62-85B6-4AE2-9A4B-35DB1AE69A1E}.Debug|x86.Build.0 = Debug|Win32
		{7C253F62-85B6-4AE2-9A4B-35DB1AE69A1E}.Release|x64.ActiveCfg = Release|x64
		{7C253F62-85B6-4AE2-9A4B-35DB1AE69A1E}.Release|x64.Build.0 = Release|x64
		{7C253F62-85B6-4AE2-9A4B-35DB1AE69A1E}.Release|x86.ActiveCfg = Release|Win32
		{7C253F62-85B6-4AE2-9A4B-35DB1AE69A1E}.Release|x86.Build.0 = Release|Win32
		{A9580D37-E291-4B0A-9511-8F4C1B6755EE}.Debug|x64.ActiveCfg = Debug|x64
		{A9580D37-E291-4B0A-9511-8F4C1B6755EE}.Debug|x64.Build.0 = Debug|x64
		{A9580D37-E291-4B0A-9511-8F4C1B6755EE}.Debug|x86.ActiveCfg = Debug|Win32
		{A9580D37-E291-4B0A-9511-8F4C1B6755EE}.Debug|x86.Build.0 = Debug|Win32
		{A9580D37-E291-4B0A-9511-8F4C1B6755EE}.Release|x64.ActiveCfg = Release|x64
		{A9580D37-E291-4B0A-9511-8F4C1B6755EE}.Release|x64.Build.0 = Release|x64
		{A9580D37-E291-4B0A-9511-8F4C1B6755EE}.Release|x86.ActiveCfg = Release|Win32
		{A9580D37-E291-4B0A-9511-8F4C1B6755EE}.Release|x86.Build.0 = Release|Win32
	EndGlobalSection
	GlobalSection(SolutionProperties) = preSolution
		HideSolutionNode = FALSE
	EndGlobalSection
	GlobalSection(ExtensibilityGlobals) = postSolution
		SolutionGuid = {A24FEF06-9CE3-4886-BDCC-CF907DDF66FA}
	EndGlobalSection
EndGlobal
